
Microsoft Visual Studio Solution File, Format Version 12.00
# Visual Studio Version 16
VisualStudioVersion = 16.0.30804.86
MinimumVisualStudioVersion = 10.0.40219.1
Project("{FAE04EC0-301F-11D3-BF4B-00C04F79EFBC}") = "StudentList_While", "StudentList_While.csproj", "{EBF9CA95-BAC0-47BD-8772-AC08F5C49633}"
EndProject
Global
	GlobalSection(SolutionConfigurationPlatforms) = preSolution
		Debug|Any CPU = Debug|Any CPU
		Release|Any CPU = Release|Any CPU
	EndGlobalSection
	GlobalSection(ProjectConfigurationPlatforms) = postSolution
		{EBF9CA95-BAC0-47BD-8772-AC08F5C49633}.Debug|Any CPU.ActiveCfg = Debug|Any CPU
		{EBF9CA95-BAC0-47BD-8772-AC08F5C49633}.Debug|Any CPU.Build.0 = Debug|Any CPU
		{EBF9CA95-BAC0-47BD-8772-AC08F5C49633}.Release|Any CPU.ActiveCfg = Release|Any CPU
		{EBF9CA95-BAC0-47BD-8772-AC08F5C49633}.Release|Any CPU.Build.0 = Release|Any CPU
	EndGlobalSection
	GlobalSection(SolutionProperties) = preSolution
		HideSolutionNode = FALSE
	EndGlobalSection
	GlobalSection(ExtensibilityGlobals) = postSolution
		SolutionGuid = {7FCCFA8E-49CB-4DD3-A327-08D834A23A62}
	EndGlobalSection
EndGlobal
