
Microsoft Visual Studio Solution File, Format Version 12.00
# Visual Studio Version 16
VisualStudioVersion = 16.0.30804.86
MinimumVisualStudioVersion = 10.0.40219.1
Project("{FAE04EC0-301F-11D3-BF4B-00C04F79EFBC}") = "AdvancedProblem1001", "AdvancedProblem1001.csproj", "{032AAFAA-DA6F-40FF-BBAD-C88385AC6F65}"
EndProject
Global
	GlobalSection(SolutionConfigurationPlatforms) = preSolution
		Debug|Any CPU = Debug|Any CPU
		Release|Any CPU = Release|Any CPU
	EndGlobalSection
	GlobalSection(ProjectConfigurationPlatforms) = postSolution
		{032AAFAA-DA6F-40FF-BBAD-C88385AC6F65}.Debug|Any CPU.ActiveCfg = Debug|Any CPU
		{032AAFAA-DA6F-40FF-BBAD-C88385AC6F65}.Debug|Any CPU.Build.0 = Debug|Any CPU
		{032AAFAA-DA6F-40FF-BBAD-C88385AC6F65}.Release|Any CPU.ActiveCfg = Release|Any CPU
		{032AAFAA-DA6F-40FF-BBAD-C88385AC6F65}.Release|Any CPU.Build.0 = Release|Any CPU
	EndGlobalSection
	GlobalSection(SolutionProperties) = preSolution
		HideSolutionNode = FALSE
	EndGlobalSection
	GlobalSection(ExtensibilityGlobals) = postSolution
		SolutionGuid = {A77D1F8A-D249-4C96-8052-8BD905510A61}
	EndGlobalSection
EndGlobal
