
Microsoft Visual Studio Solution File, Format Version 12.00
# Visual Studio Version 16
VisualStudioVersion = 16.0.30804.86
MinimumVisualStudioVersion = 10.0.40219.1
Project("{FAE04EC0-301F-11D3-BF4B-00C04F79EFBC}") = "WrongVariable", "WrongVariable.csproj", "{7C13F322-5ECD-4DAB-BD8F-C11D2A12D020}"
EndProject
Global
	GlobalSection(SolutionConfigurationPlatforms) = preSolution
		Debug|Any CPU = Debug|Any CPU
		Release|Any CPU = Release|Any CPU
	EndGlobalSection
	GlobalSection(ProjectConfigurationPlatforms) = postSolution
		{7C13F322-5ECD-4DAB-BD8F-C11D2A12D020}.Debug|Any CPU.ActiveCfg = Debug|Any CPU
		{7C13F322-5ECD-4DAB-BD8F-C11D2A12D020}.Debug|Any CPU.Build.0 = Debug|Any CPU
		{7C13F322-5ECD-4DAB-BD8F-C11D2A12D020}.Release|Any CPU.ActiveCfg = Release|Any CPU
		{7C13F322-5ECD-4DAB-BD8F-C11D2A12D020}.Release|Any CPU.Build.0 = Release|Any CPU
	EndGlobalSection
	GlobalSection(SolutionProperties) = preSolution
		HideSolutionNode = FALSE
	EndGlobalSection
	GlobalSection(ExtensibilityGlobals) = postSolution
		SolutionGuid = {FFEC9CF1-45EF-444E-A468-47F60D3DCFF8}
	EndGlobalSection
EndGlobal
