
Microsoft Visual Studio Solution File, Format Version 12.00
# Visual Studio Version 16
VisualStudioVersion = 16.0.30804.86
MinimumVisualStudioVersion = 10.0.40219.1
Project("{FAE04EC0-301F-11D3-BF4B-00C04F79EFBC}") = "DoorLock_6Num", "DoorLock_6Num.csproj", "{AD78AE46-ACA2-4F20-BDDD-634BD84072B0}"
EndProject
Global
	GlobalSection(SolutionConfigurationPlatforms) = preSolution
		Debug|Any CPU = Debug|Any CPU
		Release|Any CPU = Release|Any CPU
	EndGlobalSection
	GlobalSection(ProjectConfigurationPlatforms) = postSolution
		{AD78AE46-ACA2-4F20-BDDD-634BD84072B0}.Debug|Any CPU.ActiveCfg = Debug|Any CPU
		{AD78AE46-ACA2-4F20-BDDD-634BD84072B0}.Debug|Any CPU.Build.0 = Debug|Any CPU
		{AD78AE46-ACA2-4F20-BDDD-634BD84072B0}.Release|Any CPU.ActiveCfg = Release|Any CPU
		{AD78AE46-ACA2-4F20-BDDD-634BD84072B0}.Release|Any CPU.Build.0 = Release|Any CPU
	EndGlobalSection
	GlobalSection(SolutionProperties) = preSolution
		HideSolutionNode = FALSE
	EndGlobalSection
	GlobalSection(ExtensibilityGlobals) = postSolution
		SolutionGuid = {285120B1-7D89-4F16-8107-12267FBC1EE7}
	EndGlobalSection
EndGlobal
