
Microsoft Visual Studio Solution File, Format Version 12.00
# Visual Studio Version 16
VisualStudioVersion = 16.0.30804.86
MinimumVisualStudioVersion = 10.0.40219.1
Project("{FAE04EC0-301F-11D3-BF4B-00C04F79EFBC}") = "BasicProblem0902", "BasicProblem0902.csproj", "{23C9E580-0429-4B38-9F78-B31C826B44CE}"
EndProject
Global
	GlobalSection(SolutionConfigurationPlatforms) = preSolution
		Debug|Any CPU = Debug|Any CPU
		Release|Any CPU = Release|Any CPU
	EndGlobalSection
	GlobalSection(ProjectConfigurationPlatforms) = postSolution
		{23C9E580-0429-4B38-9F78-B31C826B44CE}.Debug|Any CPU.ActiveCfg = Debug|Any CPU
		{23C9E580-0429-4B38-9F78-B31C826B44CE}.Debug|Any CPU.Build.0 = Debug|Any CPU
		{23C9E580-0429-4B38-9F78-B31C826B44CE}.Release|Any CPU.ActiveCfg = Release|Any CPU
		{23C9E580-0429-4B38-9F78-B31C826B44CE}.Release|Any CPU.Build.0 = Release|Any CPU
	EndGlobalSection
	GlobalSection(SolutionProperties) = preSolution
		HideSolutionNode = FALSE
	EndGlobalSection
	GlobalSection(ExtensibilityGlobals) = postSolution
		SolutionGuid = {C703CB86-C0A8-4972-8147-85A4BEF6F9B0}
	EndGlobalSection
EndGlobal
