
Microsoft Visual Studio Solution File, Format Version 12.00
# Visual Studio Version 16
VisualStudioVersion = 16.0.30804.86
MinimumVisualStudioVersion = 10.0.40219.1
Project("{FAE04EC0-301F-11D3-BF4B-00C04F79EFBC}") = "StudentList", "StudentList.csproj", "{A632CA1B-8E8E-4D84-A6B9-5AF24C4A1F9A}"
EndProject
Global
	GlobalSection(SolutionConfigurationPlatforms) = preSolution
		Debug|Any CPU = Debug|Any CPU
		Release|Any CPU = Release|Any CPU
	EndGlobalSection
	GlobalSection(ProjectConfigurationPlatforms) = postSolution
		{A632CA1B-8E8E-4D84-A6B9-5AF24C4A1F9A}.Debug|Any CPU.ActiveCfg = Debug|Any CPU
		{A632CA1B-8E8E-4D84-A6B9-5AF24C4A1F9A}.Debug|Any CPU.Build.0 = Debug|Any CPU
		{A632CA1B-8E8E-4D84-A6B9-5AF24C4A1F9A}.Release|Any CPU.ActiveCfg = Release|Any CPU
		{A632CA1B-8E8E-4D84-A6B9-5AF24C4A1F9A}.Release|Any CPU.Build.0 = Release|Any CPU
	EndGlobalSection
	GlobalSection(SolutionProperties) = preSolution
		HideSolutionNode = FALSE
	EndGlobalSection
	GlobalSection(ExtensibilityGlobals) = postSolution
		SolutionGuid = {5175465E-4875-4975-A2D1-2B6CBDE5338C}
	EndGlobalSection
EndGlobal
