
Microsoft Visual Studio Solution File, Format Version 12.00
# Visual Studio Version 16
VisualStudioVersion = 16.0.30804.86
MinimumVisualStudioVersion = 10.0.40219.1
Project("{FAE04EC0-301F-11D3-BF4B-00C04F79EFBC}") = "Calculator", "Calculator.csproj", "{0F2934B8-34E8-4A34-9381-17611F69882A}"
EndProject
Global
	GlobalSection(SolutionConfigurationPlatforms) = preSolution
		Debug|Any CPU = Debug|Any CPU
		Release|Any CPU = Release|Any CPU
	EndGlobalSection
	GlobalSection(ProjectConfigurationPlatforms) = postSolution
		{0F2934B8-34E8-4A34-9381-17611F69882A}.Debug|Any CPU.ActiveCfg = Debug|Any CPU
		{0F2934B8-34E8-4A34-9381-17611F69882A}.Debug|Any CPU.Build.0 = Debug|Any CPU
		{0F2934B8-34E8-4A34-9381-17611F69882A}.Release|Any CPU.ActiveCfg = Release|Any CPU
		{0F2934B8-34E8-4A34-9381-17611F69882A}.Release|Any CPU.Build.0 = Release|Any CPU
	EndGlobalSection
	GlobalSection(SolutionProperties) = preSolution
		HideSolutionNode = FALSE
	EndGlobalSection
	GlobalSection(ExtensibilityGlobals) = postSolution
		SolutionGuid = {ADCD80AC-D98F-4FFE-8E79-67308D845324}
	EndGlobalSection
EndGlobal
